
Microsoft Visual Studio Solution File, Format Version 12.00
# Visual Studio Version 17
VisualStudioVersion = 17.8.34316.72
MinimumVisualStudioVersion = 10.0.40219.1
Project("{FAE04EC0-301F-11D3-BF4B-00C04F79EFBC}") = "HackathonTeamBuilder", "HackathonTeamBuilder\HackathonTeamBuilder.csproj", "{02555B84-9D7D-48AC-84AB-22BF846B461D}"
EndProject
Global
	GlobalSection(SolutionConfigurationPlatforms) = preSolution
		Debug|Any CPU = Debug|Any CPU
		Release|Any CPU = Release|Any CPU
	EndGlobalSection
	GlobalSection(ProjectConfigurationPlatforms) = postSolution
		{02555B84-9D7D-48AC-84AB-22BF846B461D}.Debug|Any CPU.ActiveCfg = Debug|Any CPU
		{02555B84-9D7D-48AC-84AB-22BF846B461D}.Debug|Any CPU.Build.0 = Debug|Any CPU
		{02555B84-9D7D-48AC-84AB-22BF846B461D}.Release|Any CPU.ActiveCfg = Release|Any CPU
		{02555B84-9D7D-48AC-84AB-22BF846B461D}.Release|Any CPU.Build.0 = Release|Any CPU
	EndGlobalSection
	GlobalSection(SolutionProperties) = preSolution
		HideSolutionNode = FALSE
	EndGlobalSection
	GlobalSection(ExtensibilityGlobals) = postSolution
		SolutionGuid = {73626969-90F0-410A-A408-2AFF7D26D1F8}
	EndGlobalSection
EndGlobal
